
Microsoft Visual Studio Solution File, Format Version 12.00
# Visual Studio Version 16
VisualStudioVersion = 16.0.29409.12
MinimumVisualStudioVersion = 10.0.40219.1
Project("{8BC9CEB8-8B4A-11D0-8D11-00A0C91BC942}") = "Server", "Server\Server.vcxproj", "{E49ABC6D-16F0-4847-9072-B88C506FA970}"
EndProject
Global
	GlobalSection(SolutionConfigurationPlatforms) = preSolution
		Debug|x64 = Debug|x64
		Debug|x86 = Debug|x86
		Release|x64 = Release|x64
		Release|x86 = Release|x86
	EndGlobalSection
	GlobalSection(ProjectConfigurationPlatforms) = postSolution
		{E49ABC6D-16F0-4847-9072-B88C506FA970}.Debug|x64.ActiveCfg = Debug|x64
		{E49ABC6D-16F0-4847-9072-B88C506FA970}.Debug|x64.Build.0 = Debug|x64
		{E49ABC6D-16F0-4847-9072-B88C506FA970}.Debug|x86.ActiveCfg = Debug|Win32
		{E49ABC6D-16F0-4847-9072-B88C506FA970}.Debug|x86.Build.0 = Debug|Win32
		{E49ABC6D-16F0-4847-9072-B88C506FA970}.Release|x64.ActiveCfg = Release|x64
		{E49ABC6D-16F0-4847-9072-B88C506FA970}.Release|x64.Build.0 = Release|x64
		{E49ABC6D-16F0-4847-9072-B88C506FA970}.Release|x86.ActiveCfg = Release|Win32
		{E49ABC6D-16F0-4847-9072-B88C506FA970}.Release|x86.Build.0 = Release|Win32
	EndGlobalSection
	GlobalSection(SolutionProperties) = preSolution
		HideSolutionNode = FALSE
	EndGlobalSection
	GlobalSection(ExtensibilityGlobals) = postSolution
		SolutionGuid = {1E9D39A1-DCED-4196-AEAD-ABEAE7921FB7}
	EndGlobalSection
EndGlobal
